
Microsoft Visual Studio Solution File, Format Version 12.00
# Visual Studio Version 17
VisualStudioVersion = 17.9.34217.209
MinimumVisualStudioVersion = 10.0.40219.1
Project("{FAE04EC0-301F-11D3-BF4B-00C04F79EFBC}") = "BlazorApp-empty4.Server", "BlazorApp-empty4\Server\BlazorApp-empty4.Server.csproj", "{06DCEC7C-37D2-4A24-B9A3-96981B82ACBA}"
EndProject
Project("{FAE04EC0-301F-11D3-BF4B-00C04F79EFBC}") = "BlazorApp-empty4.Client", "BlazorApp-empty4\Client\BlazorApp-empty4.Client.csproj", "{8A6F176E-E479-47A4-8E01-A9569E799960}"
EndProject
Project("{FAE04EC0-301F-11D3-BF4B-00C04F79EFBC}") = "BlazorApp-empty4.Shared", "BlazorApp-empty4\Shared\BlazorApp-empty4.Shared.csproj", "{E294D0B4-F84A-401F-9ED4-AB474A3CD6E8}"
EndProject
Global
	GlobalSection(SolutionConfigurationPlatforms) = preSolution
		Debug|Any CPU = Debug|Any CPU
		Release|Any CPU = Release|Any CPU
	EndGlobalSection
	GlobalSection(ProjectConfigurationPlatforms) = postSolution
		{06DCEC7C-37D2-4A24-B9A3-96981B82ACBA}.Debug|Any CPU.ActiveCfg = Debug|Any CPU
		{06DCEC7C-37D2-4A24-B9A3-96981B82ACBA}.Debug|Any CPU.Build.0 = Debug|Any CPU
		{06DCEC7C-37D2-4A24-B9A3-96981B82ACBA}.Release|Any CPU.ActiveCfg = Release|Any CPU
		{06DCEC7C-37D2-4A24-B9A3-96981B82ACBA}.Release|Any CPU.Build.0 = Release|Any CPU
		{8A6F176E-E479-47A4-8E01-A9569E799960}.Debug|Any CPU.ActiveCfg = Debug|Any CPU
		{8A6F176E-E479-47A4-8E01-A9569E799960}.Debug|Any CPU.Build.0 = Debug|Any CPU
		{8A6F176E-E479-47A4-8E01-A9569E799960}.Release|Any CPU.ActiveCfg = Release|Any CPU
		{8A6F176E-E479-47A4-8E01-A9569E799960}.Release|Any CPU.Build.0 = Release|Any CPU
		{E294D0B4-F84A-401F-9ED4-AB474A3CD6E8}.Debug|Any CPU.ActiveCfg = Debug|Any CPU
		{E294D0B4-F84A-401F-9ED4-AB474A3CD6E8}.Debug|Any CPU.Build.0 = Debug|Any CPU
		{E294D0B4-F84A-401F-9ED4-AB474A3CD6E8}.Release|Any CPU.ActiveCfg = Release|Any CPU
		{E294D0B4-F84A-401F-9ED4-AB474A3CD6E8}.Release|Any CPU.Build.0 = Release|Any CPU
	EndGlobalSection
	GlobalSection(SolutionProperties) = preSolution
		HideSolutionNode = FALSE
	EndGlobalSection
	GlobalSection(ExtensibilityGlobals) = postSolution
		SolutionGuid = {1A702435-DA8E-4201-A00D-C4C0D8420F16}
	EndGlobalSection
EndGlobal
